
Microsoft Visual Studio Solution File, Format Version 12.00
# Visual Studio 15
Project("{FAE04EC0-301F-11D3-BF4B-00C04F79EFBC}") = "Assembly-CSharp", "Assembly-CSharp.csproj", "{797981D1-3FEE-030C-D373-F9C072265521}"
EndProject
Project("{FAE04EC0-301F-11D3-BF4B-00C04F79EFBC}") = "Assembly-CSharp-firstpass", "Assembly-CSharp-firstpass.csproj", "{B59DF30D-9F16-FB7B-53A9-1F3CF109B038}"
EndProject
Project("{FAE04EC0-301F-11D3-BF4B-00C04F79EFBC}") = "Assembly-CSharp-Editor-firstpass", "Assembly-CSharp-Editor-firstpass.csproj", "{31760852-A126-85C3-9642-A9F280BF15D2}"
EndProject
Project("{FAE04EC0-301F-11D3-BF4B-00C04F79EFBC}") = "Assembly-CSharp-Editor", "Assembly-CSharp-Editor.csproj", "{ACDF453D-2D69-CE44-CDC6-6459AA33002E}"
EndProject
Global
	GlobalSection(SolutionConfigurationPlatforms) = preSolution
		Debug|Any CPU = Debug|Any CPU
		Release|Any CPU = Release|Any CPU
	EndGlobalSection
	GlobalSection(ProjectConfigurationPlatforms) = postSolution
		{797981D1-3FEE-030C-D373-F9C072265521}.Debug|Any CPU.ActiveCfg = Debug|Any CPU
		{797981D1-3FEE-030C-D373-F9C072265521}.Debug|Any CPU.Build.0 = Debug|Any CPU
		{797981D1-3FEE-030C-D373-F9C072265521}.Release|Any CPU.ActiveCfg = Release|Any CPU
		{797981D1-3FEE-030C-D373-F9C072265521}.Release|Any CPU.Build.0 = Release|Any CPU
		{B59DF30D-9F16-FB7B-53A9-1F3CF109B038}.Debug|Any CPU.ActiveCfg = Debug|Any CPU
		{B59DF30D-9F16-FB7B-53A9-1F3CF109B038}.Debug|Any CPU.Build.0 = Debug|Any CPU
		{B59DF30D-9F16-FB7B-53A9-1F3CF109B038}.Release|Any CPU.ActiveCfg = Release|Any CPU
		{B59DF30D-9F16-FB7B-53A9-1F3CF109B038}.Release|Any CPU.Build.0 = Release|Any CPU
		{31760852-A126-85C3-9642-A9F280BF15D2}.Debug|Any CPU.ActiveCfg = Debug|Any CPU
		{31760852-A126-85C3-9642-A9F280BF15D2}.Debug|Any CPU.Build.0 = Debug|Any CPU
		{31760852-A126-85C3-9642-A9F280BF15D2}.Release|Any CPU.ActiveCfg = Release|Any CPU
		{31760852-A126-85C3-9642-A9F280BF15D2}.Release|Any CPU.Build.0 = Release|Any CPU
		{ACDF453D-2D69-CE44-CDC6-6459AA33002E}.Debug|Any CPU.ActiveCfg = Debug|Any CPU
		{ACDF453D-2D69-CE44-CDC6-6459AA33002E}.Debug|Any CPU.Build.0 = Debug|Any CPU
		{ACDF453D-2D69-CE44-CDC6-6459AA33002E}.Release|Any CPU.ActiveCfg = Release|Any CPU
		{ACDF453D-2D69-CE44-CDC6-6459AA33002E}.Release|Any CPU.Build.0 = Release|Any CPU
	EndGlobalSection
	GlobalSection(SolutionProperties) = preSolution
		HideSolutionNode = FALSE
	EndGlobalSection
EndGlobal
